{
  "version": 4,
  "terraform_version": "1.4.2",
  "serial": 18,
  "lineage": "fb4a57b2-cca6-0f44-38d2-509cdb8691ed",
  "outputs": {
    "access_key": {
      "value": "AKIARRX3EHBNGQSKFN5C",
      "type": "string"
    },
    "secret_key": {
      "value": "ZKY1b+8gOuA3BFy7/c4bE8U5t7QMzQd0XrKvFXaN",
      "type": "string",
      "sensitive": true
    }
  },
  "resources": [
    {
      "mode": "managed",
      "type": "aws_iam_access_key",
      "name": "example_access_key",
      "provider": "provider[\"registry.terraform.io/hashicorp/aws\"]",
      "instances": [
        {
          "schema_version": 0,
          "attributes": {
            "create_date": "2023-05-16T04:35:16Z",
            "encrypted_secret": null,
            "encrypted_ses_smtp_password_v4": null,
            "id": "AKIARRX3EHBNGQSKFN5C",
            "key_fingerprint": null,
            "pgp_key": null,
            "secret": "ZKY1b+8gOuA3BFy7/c4bE8U5t7QMzQd0XrKvFXaN",
            "ses_smtp_password_v4": "BAGVkJvbyPJ6yXuConyb5NQjydiFu4IGYvdBe/0ZSPnS",
            "status": "Active",
            "user": "dube"
          },
          "sensitive_attributes": [],
          "private": "bnVsbA==",
          "dependencies": [
            "aws_iam_user.example_user"
          ]
        }
      ]
    },
    {
      "mode": "managed",
      "type": "aws_iam_group",
      "name": "my_group",
      "provider": "provider[\"registry.terraform.io/hashicorp/aws\"]",
      "instances": [
        {
          "schema_version": 0,
          "attributes": {
            "arn": "arn:aws:iam::106827102298:group/Ec2ReadonlyAccess",
            "id": "Ec2ReadonlyAccess",
            "name": "Ec2ReadonlyAccess",
            "path": "/",
            "unique_id": "AGPARRX3EHBNNWSYNSRA4"
          },
          "sensitive_attributes": [],
          "private": "bnVsbA=="
        }
      ]
    },
    {
      "mode": "managed",
      "type": "aws_iam_group_policy_attachment",
      "name": "my_group_policy_attachment",
      "provider": "provider[\"registry.terraform.io/hashicorp/aws\"]",
      "instances": [
        {
          "schema_version": 0,
          "attributes": {
            "group": "Ec2ReadonlyAccess",
            "id": "Ec2ReadonlyAccess-20230516043516633300000002",
            "policy_arn": "arn:aws:iam::aws:policy/AmazonEC2ReadOnlyAccess"
          },
          "sensitive_attributes": [],
          "private": "bnVsbA==",
          "dependencies": [
            "aws_iam_group.my_group"
          ]
        }
      ]
    },
    {
      "mode": "managed",
      "type": "aws_iam_user",
      "name": "example_user",
      "provider": "provider[\"registry.terraform.io/hashicorp/aws\"]",
      "instances": [
        {
          "schema_version": 0,
          "attributes": {
            "arn": "arn:aws:iam::106827102298:user/dube",
            "force_destroy": false,
            "id": "dube",
            "name": "dube",
            "path": "/",
            "permissions_boundary": null,
            "tags": null,
            "tags_all": {},
            "unique_id": "AIDARRX3EHBNJKP67N6C3"
          },
          "sensitive_attributes": [],
          "private": "bnVsbA=="
        }
      ]
    },
    {
      "mode": "managed",
      "type": "aws_iam_user_group_membership",
      "name": "my_user_group_membership",
      "provider": "provider[\"registry.terraform.io/hashicorp/aws\"]",
      "instances": [
        {
          "schema_version": 0,
          "attributes": {
            "groups": [
              "Ec2ReadonlyAccess"
            ],
            "id": "terraform-20230516043516608900000001",
            "user": "dube"
          },
          "sensitive_attributes": [],
          "private": "bnVsbA==",
          "dependencies": [
            "aws_iam_group.my_group",
            "aws_iam_user.example_user"
          ]
        }
      ]
    }
  ],
  "check_results": null
}
