{
  "version": 4,
  "terraform_version": "1.4.2",
  "serial": 10,
  "lineage": "a9bf9db8-c3cd-dda5-4a93-66b384f2b554",
  "outputs": {
    "access_key": {
      "value": "AKIARRX3EHBNPQYV6P6J",
      "type": "string"
    },
    "secret_key": {
      "value": "X6AMJ9SfmtxmsH2FD0xEbDLmdyt62iyXktqEmkwe",
      "type": "string",
      "sensitive": true
    }
  },
  "resources": [
    {
      "mode": "managed",
      "type": "aws_iam_access_key",
      "name": "example_access_key",
      "provider": "provider[\"registry.terraform.io/hashicorp/aws\"]",
      "instances": [
        {
          "schema_version": 0,
          "attributes": {
            "create_date": "2023-05-14T15:03:23Z",
            "encrypted_secret": null,
            "encrypted_ses_smtp_password_v4": null,
            "id": "AKIARRX3EHBNPQYV6P6J",
            "key_fingerprint": null,
            "pgp_key": null,
            "secret": "X6AMJ9SfmtxmsH2FD0xEbDLmdyt62iyXktqEmkwe",
            "ses_smtp_password_v4": "BKpmrSX1A/FdgFbdFdVlk7WLaPe5FdkxYmdgQGfsFjUx",
            "status": "Active",
            "user": "dube"
          },
          "sensitive_attributes": [],
          "private": "bnVsbA==",
          "dependencies": [
            "aws_iam_user.example_user"
          ]
        }
      ]
    },
    {
      "mode": "managed",
      "type": "aws_iam_user",
      "name": "example_user",
      "provider": "provider[\"registry.terraform.io/hashicorp/aws\"]",
      "instances": [
        {
          "schema_version": 0,
          "attributes": {
            "arn": "arn:aws:iam::106827102298:user/dube",
            "force_destroy": false,
            "id": "dube",
            "name": "dube",
            "path": "/",
            "permissions_boundary": null,
            "tags": null,
            "tags_all": {},
            "unique_id": "AIDARRX3EHBNCOWGIY2EH"
          },
          "sensitive_attributes": [],
          "private": "bnVsbA=="
        }
      ]
    }
  ],
  "check_results": null
}
